// !$*UTF8*$!
{
	archiveVersion = 1;
	classes = {
	};
	objectVersion = 46;
	objects = {

/* Begin PBXBuildFile section */
		2037B5671B9A2E3200F3094A /* IJReachability.swift in Sources */ = {isa = PBXBuildFile; fileRef = 2037B5661B9A2E3200F3094A /* IJReachability.swift */; };
		2037B5691B9A2E6F00F3094A /* CoreDataStackManager.swift in Sources */ = {isa = PBXBuildFile; fileRef = 2037B5681B9A2E6F00F3094A /* CoreDataStackManager.swift */; };
		2037B56B1B9A3B2000F3094A /* InitDataViewController.swift in Sources */ = {isa = PBXBuildFile; fileRef = 2037B56A1B9A3B2000F3094A /* InitDataViewController.swift */; };
		2037B56D1B9A3B4400F3094A /* TopRatedMangasViewController.swift in Sources */ = {isa = PBXBuildFile; fileRef = 2037B56C1B9A3B4400F3094A /* TopRatedMangasViewController.swift */; };
		2037B56F1B9A3B5600F3094A /* GenresViewController.swift in Sources */ = {isa = PBXBuildFile; fileRef = 2037B56E1B9A3B5600F3094A /* GenresViewController.swift */; };
		208A93D01B9A29170098F0FC /* AppDelegate.swift in Sources */ = {isa = PBXBuildFile; fileRef = 208A93CF1B9A29170098F0FC /* AppDelegate.swift */; };
		208A93D31B9A29170098F0FC /* MangaExplorer.xcdatamodeld in Sources */ = {isa = PBXBuildFile; fileRef = 208A93D11B9A29170098F0FC /* MangaExplorer.xcdatamodeld */; };
		208A93D81B9A29170098F0FC /* Main.storyboard in Resources */ = {isa = PBXBuildFile; fileRef = 208A93D61B9A29170098F0FC /* Main.storyboard */; };
		208A93DA1B9A29170098F0FC /* Images.xcassets in Resources */ = {isa = PBXBuildFile; fileRef = 208A93D91B9A29170098F0FC /* Images.xcassets */; };
		208A93DD1B9A29170098F0FC /* LaunchScreen.xib in Resources */ = {isa = PBXBuildFile; fileRef = 208A93DB1B9A29170098F0FC /* LaunchScreen.xib */; };
		208A93E91B9A29170098F0FC /* MangaExplorerTests.swift in Sources */ = {isa = PBXBuildFile; fileRef = 208A93E81B9A29170098F0FC /* MangaExplorerTests.swift */; };
		208A93FB1B9A297F0098F0FC /* AnimeNewsNetworkApi.swift in Sources */ = {isa = PBXBuildFile; fileRef = 208A93F51B9A297E0098F0FC /* AnimeNewsNetworkApi.swift */; };
		208A93FC1B9A297F0098F0FC /* AnimeNewsNetworkXMLParserForMangaDetail.swift in Sources */ = {isa = PBXBuildFile; fileRef = 208A93F61B9A297F0098F0FC /* AnimeNewsNetworkXMLParserForMangaDetail.swift */; };
		208A93FD1B9A297F0098F0FC /* AnimeNewsNetworkXMLParserForMangaListWithRating.swift in Sources */ = {isa = PBXBuildFile; fileRef = 208A93F71B9A297F0098F0FC /* AnimeNewsNetworkXMLParserForMangaListWithRating.swift */; };
		208A93FE1B9A297F0098F0FC /* AnimeNewsNetworkXMLParserForMangaListWithIdAndTitle.swift in Sources */ = {isa = PBXBuildFile; fileRef = 208A93F81B9A297F0098F0FC /* AnimeNewsNetworkXMLParserForMangaListWithIdAndTitle.swift */; };
		208A93FF1B9A297F0098F0FC /* CommonRESTApi.swift in Sources */ = {isa = PBXBuildFile; fileRef = 208A93F91B9A297F0098F0FC /* CommonRESTApi.swift */; };
		208A94001B9A297F0098F0FC /* Manga.swift in Sources */ = {isa = PBXBuildFile; fileRef = 208A93FA1B9A297F0098F0FC /* Manga.swift */; };
		20ECD52D1B9F74A9004DCEB3 /* Manga-Data.json in Resources */ = {isa = PBXBuildFile; fileRef = 20ECD52C1B9F74A9004DCEB3 /* Manga-Data.json */; };
		20ECD52F1B9F777C004DCEB3 /* Staff.swift in Sources */ = {isa = PBXBuildFile; fileRef = 20ECD52E1B9F777C004DCEB3 /* Staff.swift */; };
		20ECD5311B9F7797004DCEB3 /* AlternativeTitle.swift in Sources */ = {isa = PBXBuildFile; fileRef = 20ECD5301B9F7797004DCEB3 /* AlternativeTitle.swift */; };
		20ECD5331B9F77AB004DCEB3 /* Genre.swift in Sources */ = {isa = PBXBuildFile; fileRef = 20ECD5321B9F77AB004DCEB3 /* Genre.swift */; };
/* End PBXBuildFile section */

/* Begin PBXContainerItemProxy section */
		208A93E31B9A29170098F0FC /* PBXContainerItemProxy */ = {
			isa = PBXContainerItemProxy;
			containerPortal = 208A93C21B9A29160098F0FC /* Project object */;
			proxyType = 1;
			remoteGlobalIDString = 208A93C91B9A29170098F0FC;
			remoteInfo = MangaExplorer;
		};
/* End PBXContainerItemProxy section */

/* Begin PBXFileReference section */
		2037B5661B9A2E3200F3094A /* IJReachability.swift */ = {isa = PBXFileReference; fileEncoding = 4; lastKnownFileType = sourcecode.swift; path = IJReachability.swift; sourceTree = "<group>"; };
		2037B5681B9A2E6F00F3094A /* CoreDataStackManager.swift */ = {isa = PBXFileReference; fileEncoding = 4; lastKnownFileType = sourcecode.swift; path = CoreDataStackManager.swift; sourceTree = "<group>"; };
		2037B56A1B9A3B2000F3094A /* InitDataViewController.swift */ = {isa = PBXFileReference; fileEncoding = 4; lastKnownFileType = sourcecode.swift; name = InitDataViewController.swift; path = Controllers/InitDataViewController.swift; sourceTree = "<group>"; };
		2037B56C1B9A3B4400F3094A /* TopRatedMangasViewController.swift */ = {isa = PBXFileReference; fileEncoding = 4; lastKnownFileType = sourcecode.swift; name = TopRatedMangasViewController.swift; path = Controllers/TopRatedMangasViewController.swift; sourceTree = "<group>"; };
		2037B56E1B9A3B5600F3094A /* GenresViewController.swift */ = {isa = PBXFileReference; fileEncoding = 4; lastKnownFileType = sourcecode.swift; name = GenresViewController.swift; path = Controllers/GenresViewController.swift; sourceTree = "<group>"; };
		208A93CA1B9A29170098F0FC /* MangaExplorer.app */ = {isa = PBXFileReference; explicitFileType = wrapper.application; includeInIndex = 0; path = MangaExplorer.app; sourceTree = BUILT_PRODUCTS_DIR; };
		208A93CE1B9A29170098F0FC /* Info.plist */ = {isa = PBXFileReference; lastKnownFileType = text.plist.xml; path = Info.plist; sourceTree = "<group>"; };
		208A93CF1B9A29170098F0FC /* AppDelegate.swift */ = {isa = PBXFileReference; lastKnownFileType = sourcecode.swift; path = AppDelegate.swift; sourceTree = "<group>"; };
		208A93D21B9A29170098F0FC /* MangaExplorer.xcdatamodel */ = {isa = PBXFileReference; lastKnownFileType = wrapper.xcdatamodel; path = MangaExplorer.xcdatamodel; sourceTree = "<group>"; };
		208A93D71B9A29170098F0FC /* Base */ = {isa = PBXFileReference; lastKnownFileType = file.storyboard; name = Base; path = Base.lproj/Main.storyboard; sourceTree = "<group>"; };
		208A93D91B9A29170098F0FC /* Images.xcassets */ = {isa = PBXFileReference; lastKnownFileType = folder.assetcatalog; path = Images.xcassets; sourceTree = "<group>"; };
		208A93DC1B9A29170098F0FC /* Base */ = {isa = PBXFileReference; lastKnownFileType = file.xib; name = Base; path = Base.lproj/LaunchScreen.xib; sourceTree = "<group>"; };
		208A93E21B9A29170098F0FC /* MangaExplorerTests.xctest */ = {isa = PBXFileReference; explicitFileType = wrapper.cfbundle; includeInIndex = 0; path = MangaExplorerTests.xctest; sourceTree = BUILT_PRODUCTS_DIR; };
		208A93E71B9A29170098F0FC /* Info.plist */ = {isa = PBXFileReference; lastKnownFileType = text.plist.xml; path = Info.plist; sourceTree = "<group>"; };
		208A93E81B9A29170098F0FC /* MangaExplorerTests.swift */ = {isa = PBXFileReference; lastKnownFileType = sourcecode.swift; path = MangaExplorerTests.swift; sourceTree = "<group>"; };
		208A93F51B9A297E0098F0FC /* AnimeNewsNetworkApi.swift */ = {isa = PBXFileReference; fileEncoding = 4; lastKnownFileType = sourcecode.swift; name = AnimeNewsNetworkApi.swift; path = Models/AnimeNewsNetworkApi.swift; sourceTree = "<group>"; };
		208A93F61B9A297F0098F0FC /* AnimeNewsNetworkXMLParserForMangaDetail.swift */ = {isa = PBXFileReference; fileEncoding = 4; lastKnownFileType = sourcecode.swift; name = AnimeNewsNetworkXMLParserForMangaDetail.swift; path = Models/AnimeNewsNetworkXMLParserForMangaDetail.swift; sourceTree = "<group>"; };
		208A93F71B9A297F0098F0FC /* AnimeNewsNetworkXMLParserForMangaListWithRating.swift */ = {isa = PBXFileReference; fileEncoding = 4; lastKnownFileType = sourcecode.swift; name = AnimeNewsNetworkXMLParserForMangaListWithRating.swift; path = Models/AnimeNewsNetworkXMLParserForMangaListWithRating.swift; sourceTree = "<group>"; };
		208A93F81B9A297F0098F0FC /* AnimeNewsNetworkXMLParserForMangaListWithIdAndTitle.swift */ = {isa = PBXFileReference; fileEncoding = 4; lastKnownFileType = sourcecode.swift; name = AnimeNewsNetworkXMLParserForMangaListWithIdAndTitle.swift; path = Models/AnimeNewsNetworkXMLParserForMangaListWithIdAndTitle.swift; sourceTree = "<group>"; };
		208A93F91B9A297F0098F0FC /* CommonRESTApi.swift */ = {isa = PBXFileReference; fileEncoding = 4; lastKnownFileType = sourcecode.swift; name = CommonRESTApi.swift; path = Models/CommonRESTApi.swift; sourceTree = "<group>"; };
		208A93FA1B9A297F0098F0FC /* Manga.swift */ = {isa = PBXFileReference; fileEncoding = 4; lastKnownFileType = sourcecode.swift; name = Manga.swift; path = Models/Manga.swift; sourceTree = "<group>"; };
		20ECD52C1B9F74A9004DCEB3 /* Manga-Data.json */ = {isa = PBXFileReference; fileEncoding = 4; lastKnownFileType = text.json; path = "Manga-Data.json"; sourceTree = "<group>"; };
		20ECD52E1B9F777C004DCEB3 /* Staff.swift */ = {isa = PBXFileReference; fileEncoding = 4; lastKnownFileType = sourcecode.swift; name = Staff.swift; path = Models/Staff.swift; sourceTree = "<group>"; };
		20ECD5301B9F7797004DCEB3 /* AlternativeTitle.swift */ = {isa = PBXFileReference; fileEncoding = 4; lastKnownFileType = sourcecode.swift; name = AlternativeTitle.swift; path = Models/AlternativeTitle.swift; sourceTree = "<group>"; };
		20ECD5321B9F77AB004DCEB3 /* Genre.swift */ = {isa = PBXFileReference; fileEncoding = 4; lastKnownFileType = sourcecode.swift; name = Genre.swift; path = Models/Genre.swift; sourceTree = "<group>"; };
/* End PBXFileReference section */

/* Begin PBXFrameworksBuildPhase section */
		208A93C71B9A29170098F0FC /* Frameworks */ = {
			isa = PBXFrameworksBuildPhase;
			buildActionMask = 2147483647;
			files = (
			);
			runOnlyForDeploymentPostprocessing = 0;
		};
		208A93DF1B9A29170098F0FC /* Frameworks */ = {
			isa = PBXFrameworksBuildPhase;
			buildActionMask = 2147483647;
			files = (
			);
			runOnlyForDeploymentPostprocessing = 0;
		};
/* End PBXFrameworksBuildPhase section */

/* Begin PBXGroup section */
		208A93C11B9A29160098F0FC = {
			isa = PBXGroup;
			children = (
				208A93CC1B9A29170098F0FC /* MangaExplorer */,
				208A93E51B9A29170098F0FC /* MangaExplorerTests */,
				208A93CB1B9A29170098F0FC /* Products */,
			);
			sourceTree = "<group>";
		};
		208A93CB1B9A29170098F0FC /* Products */ = {
			isa = PBXGroup;
			children = (
				208A93CA1B9A29170098F0FC /* MangaExplorer.app */,
				208A93E21B9A29170098F0FC /* MangaExplorerTests.xctest */,
			);
			name = Products;
			sourceTree = "<group>";
		};
		208A93CC1B9A29170098F0FC /* MangaExplorer */ = {
			isa = PBXGroup;
			children = (
				208A93F41B9A29390098F0FC /* Controllers */,
				208A93F31B9A29340098F0FC /* Views */,
				208A93F21B9A292A0098F0FC /* Models */,
				208A93CF1B9A29170098F0FC /* AppDelegate.swift */,
				208A93D61B9A29170098F0FC /* Main.storyboard */,
				208A93D91B9A29170098F0FC /* Images.xcassets */,
				208A93DB1B9A29170098F0FC /* LaunchScreen.xib */,
				208A93D11B9A29170098F0FC /* MangaExplorer.xcdatamodeld */,
				2037B5681B9A2E6F00F3094A /* CoreDataStackManager.swift */,
				2037B5661B9A2E3200F3094A /* IJReachability.swift */,
				208A93CD1B9A29170098F0FC /* Supporting Files */,
			);
			path = MangaExplorer;
			sourceTree = "<group>";
		};
		208A93CD1B9A29170098F0FC /* Supporting Files */ = {
			isa = PBXGroup;
			children = (
				20ECD52C1B9F74A9004DCEB3 /* Manga-Data.json */,
				208A93CE1B9A29170098F0FC /* Info.plist */,
			);
			name = "Supporting Files";
			sourceTree = "<group>";
		};
		208A93E51B9A29170098F0FC /* MangaExplorerTests */ = {
			isa = PBXGroup;
			children = (
				208A93E81B9A29170098F0FC /* MangaExplorerTests.swift */,
				208A93E61B9A29170098F0FC /* Supporting Files */,
			);
			path = MangaExplorerTests;
			sourceTree = "<group>";
		};
		208A93E61B9A29170098F0FC /* Supporting Files */ = {
			isa = PBXGroup;
			children = (
				208A93E71B9A29170098F0FC /* Info.plist */,
			);
			name = "Supporting Files";
			sourceTree = "<group>";
		};
		208A93F21B9A292A0098F0FC /* Models */ = {
			isa = PBXGroup;
			children = (
				208A93FA1B9A297F0098F0FC /* Manga.swift */,
				20ECD52E1B9F777C004DCEB3 /* Staff.swift */,
				20ECD5301B9F7797004DCEB3 /* AlternativeTitle.swift */,
				20ECD5321B9F77AB004DCEB3 /* Genre.swift */,
				208A93F51B9A297E0098F0FC /* AnimeNewsNetworkApi.swift */,
				208A93F61B9A297F0098F0FC /* AnimeNewsNetworkXMLParserForMangaDetail.swift */,
				208A93F71B9A297F0098F0FC /* AnimeNewsNetworkXMLParserForMangaListWithRating.swift */,
				208A93F81B9A297F0098F0FC /* AnimeNewsNetworkXMLParserForMangaListWithIdAndTitle.swift */,
				208A93F91B9A297F0098F0FC /* CommonRESTApi.swift */,
			);
			name = Models;
			sourceTree = "<group>";
		};
		208A93F31B9A29340098F0FC /* Views */ = {
			isa = PBXGroup;
			children = (
			);
			name = Views;
			sourceTree = "<group>";
		};
		208A93F41B9A29390098F0FC /* Controllers */ = {
			isa = PBXGroup;
			children = (
				2037B56A1B9A3B2000F3094A /* InitDataViewController.swift */,
				2037B56C1B9A3B4400F3094A /* TopRatedMangasViewController.swift */,
				2037B56E1B9A3B5600F3094A /* GenresViewController.swift */,
			);
			name = Controllers;
			sourceTree = "<group>";
		};
/* End PBXGroup section */

/* Begin PBXNativeTarget section */
		208A93C91B9A29170098F0FC /* MangaExplorer */ = {
			isa = PBXNativeTarget;
			buildConfigurationList = 208A93EC1B9A29170098F0FC /* Build configuration list for PBXNativeTarget "MangaExplorer" */;
			buildPhases = (
				208A93C61B9A29170098F0FC /* Sources */,
				208A93C71B9A29170098F0FC /* Frameworks */,
				208A93C81B9A29170098F0FC /* Resources */,
			);
			buildRules = (
			);
			dependencies = (
			);
			name = MangaExplorer;
			productName = MangaExplorer;
			productReference = 208A93CA1B9A29170098F0FC /* MangaExplorer.app */;
			productType = "com.apple.product-type.application";
		};
		208A93E11B9A29170098F0FC /* MangaExplorerTests */ = {
			isa = PBXNativeTarget;
			buildConfigurationList = 208A93EF1B9A29170098F0FC /* Build configuration list for PBXNativeTarget "MangaExplorerTests" */;
			buildPhases = (
				208A93DE1B9A29170098F0FC /* Sources */,
				208A93DF1B9A29170098F0FC /* Frameworks */,
				208A93E01B9A29170098F0FC /* Resources */,
			);
			buildRules = (
			);
			dependencies = (
				208A93E41B9A29170098F0FC /* PBXTargetDependency */,
			);
			name = MangaExplorerTests;
			productName = MangaExplorerTests;
			productReference = 208A93E21B9A29170098F0FC /* MangaExplorerTests.xctest */;
			productType = "com.apple.product-type.bundle.unit-test";
		};
/* End PBXNativeTarget section */

/* Begin PBXProject section */
		208A93C21B9A29160098F0FC /* Project object */ = {
			isa = PBXProject;
			attributes = {
				LastUpgradeCheck = 0640;
				ORGANIZATIONNAME = "Object Coder";
				TargetAttributes = {
					208A93C91B9A29170098F0FC = {
						CreatedOnToolsVersion = 6.4;
					};
					208A93E11B9A29170098F0FC = {
						CreatedOnToolsVersion = 6.4;
						TestTargetID = 208A93C91B9A29170098F0FC;
					};
				};
			};
			buildConfigurationList = 208A93C51B9A29160098F0FC /* Build configuration list for PBXProject "MangaExplorer" */;
			compatibilityVersion = "Xcode 3.2";
			developmentRegion = English;
			hasScannedForEncodings = 0;
			knownRegions = (
				en,
				Base,
			);
			mainGroup = 208A93C11B9A29160098F0FC;
			productRefGroup = 208A93CB1B9A29170098F0FC /* Products */;
			projectDirPath = "";
			projectRoot = "";
			targets = (
				208A93C91B9A29170098F0FC /* MangaExplorer */,
				208A93E11B9A29170098F0FC /* MangaExplorerTests */,
			);
		};
/* End PBXProject section */

/* Begin PBXResourcesBuildPhase section */
		208A93C81B9A29170098F0FC /* Resources */ = {
			isa = PBXResourcesBuildPhase;
			buildActionMask = 2147483647;
			files = (
				208A93D81B9A29170098F0FC /* Main.storyboard in Resources */,
				208A93DD1B9A29170098F0FC /* LaunchScreen.xib in Resources */,
				20ECD52D1B9F74A9004DCEB3 /* Manga-Data.json in Resources */,
				208A93DA1B9A29170098F0FC /* Images.xcassets in Resources */,
			);
			runOnlyForDeploymentPostprocessing = 0;
		};
		208A93E01B9A29170098F0FC /* Resources */ = {
			isa = PBXResourcesBuildPhase;
			buildActionMask = 2147483647;
			files = (
			);
			runOnlyForDeploymentPostprocessing = 0;
		};
/* End PBXResourcesBuildPhase section */

/* Begin PBXSourcesBuildPhase section */
		208A93C61B9A29170098F0FC /* Sources */ = {
			isa = PBXSourcesBuildPhase;
			buildActionMask = 2147483647;
			files = (
				208A94001B9A297F0098F0FC /* Manga.swift in Sources */,
				208A93FD1B9A297F0098F0FC /* AnimeNewsNetworkXMLParserForMangaListWithRating.swift in Sources */,
				2037B5691B9A2E6F00F3094A /* CoreDataStackManager.swift in Sources */,
				208A93FC1B9A297F0098F0FC /* AnimeNewsNetworkXMLParserForMangaDetail.swift in Sources */,
				208A93D01B9A29170098F0FC /* AppDelegate.swift in Sources */,
				2037B56D1B9A3B4400F3094A /* TopRatedMangasViewController.swift in Sources */,
				208A93D31B9A29170098F0FC /* MangaExplorer.xcdatamodeld in Sources */,
				20ECD5331B9F77AB004DCEB3 /* Genre.swift in Sources */,
				208A93FB1B9A297F0098F0FC /* AnimeNewsNetworkApi.swift in Sources */,
				2037B56B1B9A3B2000F3094A /* InitDataViewController.swift in Sources */,
				20ECD5311B9F7797004DCEB3 /* AlternativeTitle.swift in Sources */,
				2037B56F1B9A3B5600F3094A /* GenresViewController.swift in Sources */,
				2037B5671B9A2E3200F3094A /* IJReachability.swift in Sources */,
				208A93FE1B9A297F0098F0FC /* AnimeNewsNetworkXMLParserForMangaListWithIdAndTitle.swift in Sources */,
				20ECD52F1B9F777C004DCEB3 /* Staff.swift in Sources */,
				208A93FF1B9A297F0098F0FC /* CommonRESTApi.swift in Sources */,
			);
			runOnlyForDeploymentPostprocessing = 0;
		};
		208A93DE1B9A29170098F0FC /* Sources */ = {
			isa = PBXSourcesBuildPhase;
			buildActionMask = 2147483647;
			files = (
				208A93E91B9A29170098F0FC /* MangaExplorerTests.swift in Sources */,
			);
			runOnlyForDeploymentPostprocessing = 0;
		};
/* End PBXSourcesBuildPhase section */

/* Begin PBXTargetDependency section */
		208A93E41B9A29170098F0FC /* PBXTargetDependency */ = {
			isa = PBXTargetDependency;
			target = 208A93C91B9A29170098F0FC /* MangaExplorer */;
			targetProxy = 208A93E31B9A29170098F0FC /* PBXContainerItemProxy */;
		};
/* End PBXTargetDependency section */

/* Begin PBXVariantGroup section */
		208A93D61B9A29170098F0FC /* Main.storyboard */ = {
			isa = PBXVariantGroup;
			children = (
				208A93D71B9A29170098F0FC /* Base */,
			);
			name = Main.storyboard;
			sourceTree = "<group>";
		};
		208A93DB1B9A29170098F0FC /* LaunchScreen.xib */ = {
			isa = PBXVariantGroup;
			children = (
				208A93DC1B9A29170098F0FC /* Base */,
			);
			name = LaunchScreen.xib;
			sourceTree = "<group>";
		};
/* End PBXVariantGroup section */

/* Begin XCBuildConfiguration section */
		208A93EA1B9A29170098F0FC /* Debug */ = {
			isa = XCBuildConfiguration;
			buildSettings = {
				ALWAYS_SEARCH_USER_PATHS = NO;
				CLANG_CXX_LANGUAGE_STANDARD = "gnu++0x";
				CLANG_CXX_LIBRARY = "libc++";
				CLANG_ENABLE_MODULES = YES;
				CLANG_ENABLE_OBJC_ARC = YES;
				CLANG_WARN_BOOL_CONVERSION = YES;
				CLANG_WARN_CONSTANT_CONVERSION = YES;
				CLANG_WARN_DIRECT_OBJC_ISA_USAGE = YES_ERROR;
				CLANG_WARN_EMPTY_BODY = YES;
				CLANG_WARN_ENUM_CONVERSION = YES;
				CLANG_WARN_INT_CONVERSION = YES;
				CLANG_WARN_OBJC_ROOT_CLASS = YES_ERROR;
				CLANG_WARN_UNREACHABLE_CODE = YES;
				CLANG_WARN__DUPLICATE_METHOD_MATCH = YES;
				"CODE_SIGN_IDENTITY[sdk=iphoneos*]" = "iPhone Developer";
				COPY_PHASE_STRIP = NO;
				DEBUG_INFORMATION_FORMAT = "dwarf-with-dsym";
				ENABLE_STRICT_OBJC_MSGSEND = YES;
				GCC_C_LANGUAGE_STANDARD = gnu99;
				GCC_DYNAMIC_NO_PIC = NO;
				GCC_NO_COMMON_BLOCKS = YES;
				GCC_OPTIMIZATION_LEVEL = 0;
				GCC_PREPROCESSOR_DEFINITIONS = (
					"DEBUG=1",
					"$(inherited)",
				);
				GCC_SYMBOLS_PRIVATE_EXTERN = NO;
				GCC_WARN_64_TO_32_BIT_CONVERSION = YES;
				GCC_WARN_ABOUT_RETURN_TYPE = YES_ERROR;
				GCC_WARN_UNDECLARED_SELECTOR = YES;
				GCC_WARN_UNINITIALIZED_AUTOS = YES_AGGRESSIVE;
				GCC_WARN_UNUSED_FUNCTION = YES;
				GCC_WARN_UNUSED_VARIABLE = YES;
				IPHONEOS_DEPLOYMENT_TARGET = 8.4;
				MTL_ENABLE_DEBUG_INFO = YES;
				ONLY_ACTIVE_ARCH = YES;
				SDKROOT = iphoneos;
				SWIFT_OPTIMIZATION_LEVEL = "-Onone";
				TARGETED_DEVICE_FAMILY = "1,2";
			};
			name = Debug;
		};
		208A93EB1B9A29170098F0FC /* Release */ = {
			isa = XCBuildConfiguration;
			buildSettings = {
				ALWAYS_SEARCH_USER_PATHS = NO;
				CLANG_CXX_LANGUAGE_STANDARD = "gnu++0x";
				CLANG_CXX_LIBRARY = "libc++";
				CLANG_ENABLE_MODULES = YES;
				CLANG_ENABLE_OBJC_ARC = YES;
				CLANG_WARN_BOOL_CONVERSION = YES;
				CLANG_WARN_CONSTANT_CONVERSION = YES;
				CLANG_WARN_DIRECT_OBJC_ISA_USAGE = YES_ERROR;
				CLANG_WARN_EMPTY_BODY = YES;
				CLANG_WARN_ENUM_CONVERSION = YES;
				CLANG_WARN_INT_CONVERSION = YES;
				CLANG_WARN_OBJC_ROOT_CLASS = YES_ERROR;
				CLANG_WARN_UNREACHABLE_CODE = YES;
				CLANG_WARN__DUPLICATE_METHOD_MATCH = YES;
				"CODE_SIGN_IDENTITY[sdk=iphoneos*]" = "iPhone Developer";
				COPY_PHASE_STRIP = NO;
				DEBUG_INFORMATION_FORMAT = "dwarf-with-dsym";
				ENABLE_NS_ASSERTIONS = NO;
				ENABLE_STRICT_OBJC_MSGSEND = YES;
				GCC_C_LANGUAGE_STANDARD = gnu99;
				GCC_NO_COMMON_BLOCKS = YES;
				GCC_WARN_64_TO_32_BIT_CONVERSION = YES;
				GCC_WARN_ABOUT_RETURN_TYPE = YES_ERROR;
				GCC_WARN_UNDECLARED_SELECTOR = YES;
				GCC_WARN_UNINITIALIZED_AUTOS = YES_AGGRESSIVE;
				GCC_WARN_UNUSED_FUNCTION = YES;
				GCC_WARN_UNUSED_VARIABLE = YES;
				IPHONEOS_DEPLOYMENT_TARGET = 8.4;
				MTL_ENABLE_DEBUG_INFO = NO;
				SDKROOT = iphoneos;
				TARGETED_DEVICE_FAMILY = "1,2";
				VALIDATE_PRODUCT = YES;
			};
			name = Release;
		};
		208A93ED1B9A29170098F0FC /* Debug */ = {
			isa = XCBuildConfiguration;
			buildSettings = {
				ASSETCATALOG_COMPILER_APPICON_NAME = AppIcon;
				INFOPLIST_FILE = MangaExplorer/Info.plist;
				LD_RUNPATH_SEARCH_PATHS = "$(inherited) @executable_path/Frameworks";
				PRODUCT_NAME = "$(TARGET_NAME)";
			};
			name = Debug;
		};
		208A93EE1B9A29170098F0FC /* Release */ = {
			isa = XCBuildConfiguration;
			buildSettings = {
				ASSETCATALOG_COMPILER_APPICON_NAME = AppIcon;
				INFOPLIST_FILE = MangaExplorer/Info.plist;
				LD_RUNPATH_SEARCH_PATHS = "$(inherited) @executable_path/Frameworks";
				PRODUCT_NAME = "$(TARGET_NAME)";
			};
			name = Release;
		};
		208A93F01B9A29170098F0FC /* Debug */ = {
			isa = XCBuildConfiguration;
			buildSettings = {
				BUNDLE_LOADER = "$(TEST_HOST)";
				FRAMEWORK_SEARCH_PATHS = (
					"$(SDKROOT)/Developer/Library/Frameworks",
					"$(inherited)",
				);
				GCC_PREPROCESSOR_DEFINITIONS = (
					"DEBUG=1",
					"$(inherited)",
				);
				INFOPLIST_FILE = MangaExplorerTests/Info.plist;
				LD_RUNPATH_SEARCH_PATHS = "$(inherited) @executable_path/Frameworks @loader_path/Frameworks";
				PRODUCT_NAME = "$(TARGET_NAME)";
				TEST_HOST = "$(BUILT_PRODUCTS_DIR)/MangaExplorer.app/MangaExplorer";
			};
			name = Debug;
		};
		208A93F11B9A29170098F0FC /* Release */ = {
			isa = XCBuildConfiguration;
			buildSettings = {
				BUNDLE_LOADER = "$(TEST_HOST)";
				FRAMEWORK_SEARCH_PATHS = (
					"$(SDKROOT)/Developer/Library/Frameworks",
					"$(inherited)",
				);
				INFOPLIST_FILE = MangaExplorerTests/Info.plist;
				LD_RUNPATH_SEARCH_PATHS = "$(inherited) @executable_path/Frameworks @loader_path/Frameworks";
				PRODUCT_NAME = "$(TARGET_NAME)";
				TEST_HOST = "$(BUILT_PRODUCTS_DIR)/MangaExplorer.app/MangaExplorer";
			};
			name = Release;
		};
/* End XCBuildConfiguration section */

/* Begin XCConfigurationList section */
		208A93C51B9A29160098F0FC /* Build configuration list for PBXProject "MangaExplorer" */ = {
			isa = XCConfigurationList;
			buildConfigurations = (
				208A93EA1B9A29170098F0FC /* Debug */,
				208A93EB1B9A29170098F0FC /* Release */,
			);
			defaultConfigurationIsVisible = 0;
			defaultConfigurationName = Release;
		};
		208A93EC1B9A29170098F0FC /* Build configuration list for PBXNativeTarget "MangaExplorer" */ = {
			isa = XCConfigurationList;
			buildConfigurations = (
				208A93ED1B9A29170098F0FC /* Debug */,
				208A93EE1B9A29170098F0FC /* Release */,
			);
			defaultConfigurationIsVisible = 0;
			defaultConfigurationName = Release;
		};
		208A93EF1B9A29170098F0FC /* Build configuration list for PBXNativeTarget "MangaExplorerTests" */ = {
			isa = XCConfigurationList;
			buildConfigurations = (
				208A93F01B9A29170098F0FC /* Debug */,
				208A93F11B9A29170098F0FC /* Release */,
			);
			defaultConfigurationIsVisible = 0;
			defaultConfigurationName = Release;
		};
/* End XCConfigurationList section */

/* Begin XCVersionGroup section */
		208A93D11B9A29170098F0FC /* MangaExplorer.xcdatamodeld */ = {
			isa = XCVersionGroup;
			children = (
				208A93D21B9A29170098F0FC /* MangaExplorer.xcdatamodel */,
			);
			currentVersion = 208A93D21B9A29170098F0FC /* MangaExplorer.xcdatamodel */;
			path = MangaExplorer.xcdatamodeld;
			sourceTree = "<group>";
			versionGroupType = wrapper.xcdatamodel;
		};
/* End XCVersionGroup section */
	};
	rootObject = 208A93C21B9A29160098F0FC /* Project object */;
}
